<?xml version="1.0" encoding="utf-8"?>
<Project ToolsVersion="4.0" xmlns="http://schemas.microsoft.com/developer/msbuild/2003">
  <ItemGroup>
    <Filter Include="Source Files">
      <UniqueIdentifier>{4FC737F1-C7A5-4376-A066-2A32D752A2FF}</UniqueIdentifier>
      <Extensions>cpp;c;cc;cxx;def;odl;idl;hpj;bat;asm;asmx</Extensions>
    </Filter>
    <Filter Include="Header Files">
      <UniqueIdentifier>{93995380-89BD-4b04-88EB-625FBE52EBFB}</UniqueIdentifier>
      <Extensions>h;hh;hpp;hxx;hm;inl;inc;xsd</Extensions>
    </Filter>
    <Filter Include="Resource Files">
      <UniqueIdentifier>{67DA6AB6-F800-4c08-8B7A-83BB121AAD01}</UniqueIdentifier>
      <Extensions>rc;ico;cur;bmp;dlg;rc2;rct;bin;rgs;gif;jpg;jpeg;jpe;resx;tiff;tif;png;wav;mfcribbon-ms</Extensions>
    </Filter>
    <Filter Include="Source Files\Managers">
      <UniqueIdentifier>{53915c2f-d3d9-4675-bebf-f1bd3f05b816}</UniqueIdentifier>
    </Filter>
    <Filter Include="Header Files\UI">
      <UniqueIdentifier>{807fb879-01bb-4197-bd61-47a374dfeedb}</UniqueIdentifier>
    </Filter>
    <Filter Include="Header Files\UI\ModuleCheckListBox">
      <UniqueIdentifier>{034fb2bf-05cd-4257-a189-d7d83fbbcd61}</UniqueIdentifier>
    </Filter>
    <Filter Include="Source Files\Common">
      <UniqueIdentifier>{539eda13-8c5d-42ee-aaf6-331531d92895}</UniqueIdentifier>
    </Filter>
    <Filter Include="Header Files\Common">
      <UniqueIdentifier>{9ac5abfd-8683-4651-b02b-bbc2930b7b02}</UniqueIdentifier>
    </Filter>
    <Filter Include="Header Files\Managers">
      <UniqueIdentifier>{5b927129-e472-4c57-9eab-648e02a43728}</UniqueIdentifier>
    </Filter>
    <Filter Include="Source Files\UI">
      <UniqueIdentifier>{ede6b448-5112-4b32-b8af-ebc51c184b4e}</UniqueIdentifier>
    </Filter>
  </ItemGroup>
  <ItemGroup>
    <ClInclude Include="MainFrame.h">
      <Filter>Header Files\UI</Filter>
    </ClInclude>
    <ClInclude Include="ProcessManager.h">
      <Filter>Header Files\Managers</Filter>
    </ClInclude>
    <ClInclude Include="PrivilegiesAdjuster.h">
      <Filter>Header Files\Managers</Filter>
    </ClInclude>
    <ClInclude Include="StatusTextStackUpdater.h">
      <Filter>Header Files\UI</Filter>
    </ClInclude>
    <ClInclude Include="ModuleCheckListBoxItem.h">
      <Filter>Header Files\UI\ModuleCheckListBox</Filter>
    </ClInclude>
    <ClInclude Include="ModulesCheckListBox.h">
      <Filter>Header Files\UI\ModuleCheckListBox</Filter>
    </ClInclude>
    <ClInclude Include="OptimizationController.h">
      <Filter>Header Files\Managers</Filter>
    </ClInclude>
    <ClInclude Include="Configuration.h">
      <Filter>Header Files\Managers</Filter>
    </ClInclude>
    <ClInclude Include="SmoothScrollingWarning.h">
      <Filter>Header Files\Managers</Filter>
    </ClInclude>
    <ClInclude Include="ProcessHintExtractor.h">
      <Filter>Header Files\Managers</Filter>
    </ClInclude>
    <ClInclude Include="baseset.h">
      <Filter>Header Files\Common</Filter>
    </ClInclude>
    <ClInclude Include="NETDebuggingEnablerApp.h">
      <Filter>Header Files\Common</Filter>
    </ClInclude>
    <ClInclude Include="ProcessInfo.h">
      <Filter>Header Files\Common</Filter>
    </ClInclude>
    <ClInclude Include="resource.h">
      <Filter>Header Files\Common</Filter>
    </ClInclude>
    <ClInclude Include="unique_handle.h">
      <Filter>Header Files\Common</Filter>
    </ClInclude>
    <ClInclude Include="WildcardFilter.h">
      <Filter>Header Files\Common</Filter>
    </ClInclude>
    <ClInclude Include="CheckTextBoxesBundle.h">
      <Filter>Header Files\UI</Filter>
    </ClInclude>
  </ItemGroup>
  <ItemGroup>
    <ClCompile Include="MainFrame.cpp">
      <Filter>Source Files\UI</Filter>
    </ClCompile>
    <ClCompile Include="ProcessManager.cpp">
      <Filter>Source Files\Managers</Filter>
    </ClCompile>
    <ClCompile Include="PrivilegiesAdjuster.cpp">
      <Filter>Source Files\Managers</Filter>
    </ClCompile>
    <ClCompile Include="ModulesCheckListBox.cpp">
      <Filter>Source Files\UI</Filter>
    </ClCompile>
    <ClCompile Include="OptimizationController.cpp">
      <Filter>Source Files\Managers</Filter>
    </ClCompile>
    <ClCompile Include="Configuration.cpp">
      <Filter>Source Files\Managers</Filter>
    </ClCompile>
    <ClCompile Include="SmoothScrollingWarning.cpp">
      <Filter>Source Files\Managers</Filter>
    </ClCompile>
    <ClCompile Include="ProcessHintExtractor.cpp">
      <Filter>Source Files\Managers</Filter>
    </ClCompile>
    <ClCompile Include="dummy.cpp">
      <Filter>Source Files\Common</Filter>
    </ClCompile>
    <ClCompile Include="EntryPoint.cpp">
      <Filter>Source Files\Common</Filter>
    </ClCompile>
    <ClCompile Include="NETDebuggingEnablerApp.cpp">
      <Filter>Source Files\Common</Filter>
    </ClCompile>
    <ClCompile Include="ProcessInfo.cpp">
      <Filter>Source Files\Common</Filter>
    </ClCompile>
    <ClCompile Include="unique_handle.cpp">
      <Filter>Source Files\Common</Filter>
    </ClCompile>
    <ClCompile Include="WildcardFilter.cpp">
      <Filter>Source Files\Common</Filter>
    </ClCompile>
    <ClCompile Include="CheckTextBoxesBundle.cpp">
      <Filter>Source Files\UI</Filter>
    </ClCompile>
  </ItemGroup>
  <ItemGroup>
    <ResourceCompile Include="NETDebuggingEnabler.rc">
      <Filter>Resource Files</Filter>
    </ResourceCompile>
  </ItemGroup>
  <ItemGroup>
    <Image Include="Icons\Bug2.ico">
      <Filter>Resource Files</Filter>
    </Image>
    <Image Include="Icons\bug1.ico">
      <Filter>Resource Files</Filter>
    </Image>
    <Image Include="Icons\refresh5.png">
      <Filter>Resource Files</Filter>
    </Image>
  </ItemGroup>
</Project>